
Microsoft Visual Studio Solution File, Format Version 12.00
# Visual Studio Version 17
VisualStudioVersion = 17.6.33829.357
MinimumVisualStudioVersion = 10.0.40219.1
Project("{FAE04EC0-301F-11D3-BF4B-00C04F79EFBC}") = "TL2-Mikuro-Console", "TL2-Mikuro-Console.csproj", "{BC49595C-3306-4F54-BBCB-A322AF52ABFF}"
EndProject
Global
	GlobalSection(SolutionConfigurationPlatforms) = preSolution
		Debug|Any CPU = Debug|Any CPU
		Release|Any CPU = Release|Any CPU
	EndGlobalSection
	GlobalSection(ProjectConfigurationPlatforms) = postSolution
		{BC49595C-3306-4F54-BBCB-A322AF52ABFF}.Debug|Any CPU.ActiveCfg = Debug|Any CPU
		{BC49595C-3306-4F54-BBCB-A322AF52ABFF}.Debug|Any CPU.Build.0 = Debug|Any CPU
		{BC49595C-3306-4F54-BBCB-A322AF52ABFF}.Release|Any CPU.ActiveCfg = Release|Any CPU
		{BC49595C-3306-4F54-BBCB-A322AF52ABFF}.Release|Any CPU.Build.0 = Release|Any CPU
	EndGlobalSection
	GlobalSection(SolutionProperties) = preSolution
		HideSolutionNode = FALSE
	EndGlobalSection
	GlobalSection(ExtensibilityGlobals) = postSolution
		SolutionGuid = {378DE465-2647-4E4F-AAF3-78E375D5580C}
	EndGlobalSection
EndGlobal
